// !$*UTF8*$!
{
	archiveVersion = 1;
	classes = {
	};
	objectVersion = 56;
	objects = {

/* Begin PBXBuildFile section */
		AF80DBCE287EAA66008AF38C /* HabitDiarySwiftUIApp.swift in Sources */ = {isa = PBXBuildFile; fileRef = AF80DBCD287EAA66008AF38C /* HabitDiarySwiftUIApp.swift */; };
		AF80DBD0287EAA66008AF38C /* ContentView.swift in Sources */ = {isa = PBXBuildFile; fileRef = AF80DBCF287EAA66008AF38C /* ContentView.swift */; };
		AF80DBD2287EAA68008AF38C /* Assets.xcassets in Resources */ = {isa = PBXBuildFile; fileRef = AF80DBD1287EAA68008AF38C /* Assets.xcassets */; };
		AF80DBD5287EAA68008AF38C /* Preview Assets.xcassets in Resources */ = {isa = PBXBuildFile; fileRef = AF80DBD4287EAA68008AF38C /* Preview Assets.xcassets */; };
		AF80DBDC287EAB12008AF38C /* HabitItem.swift in Sources */ = {isa = PBXBuildFile; fileRef = AF80DBDB287EAB12008AF38C /* HabitItem.swift */; };
		AF80DBDE287EAC63008AF38C /* HabitData.swift in Sources */ = {isa = PBXBuildFile; fileRef = AF80DBDD287EAC63008AF38C /* HabitData.swift */; };
		AF80DBE0287EB399008AF38C /* AddView.swift in Sources */ = {isa = PBXBuildFile; fileRef = AF80DBDF287EB399008AF38C /* AddView.swift */; };
/* End PBXBuildFile section */

/* Begin PBXFileReference section */
		AF80DBCA287EAA66008AF38C /* HabitDiarySwiftUI.app */ = {isa = PBXFileReference; explicitFileType = wrapper.application; includeInIndex = 0; path = HabitDiarySwiftUI.app; sourceTree = BUILT_PRODUCTS_DIR; };
		AF80DBCD287EAA66008AF38C /* HabitDiarySwiftUIApp.swift */ = {isa = PBXFileReference; lastKnownFileType = sourcecode.swift; path = HabitDiarySwiftUIApp.swift; sourceTree = "<group>"; };
		AF80DBCF287EAA66008AF38C /* ContentView.swift */ = {isa = PBXFileReference; lastKnownFileType = sourcecode.swift; path = ContentView.swift; sourceTree = "<group>"; };
		AF80DBD1287EAA68008AF38C /* Assets.xcassets */ = {isa = PBXFileReference; lastKnownFileType = folder.assetcatalog; path = Assets.xcassets; sourceTree = "<group>"; };
		AF80DBD4287EAA68008AF38C /* Preview Assets.xcassets */ = {isa = PBXFileReference; lastKnownFileType = folder.assetcatalog; path = "Preview Assets.xcassets"; sourceTree = "<group>"; };
		AF80DBDB287EAB12008AF38C /* HabitItem.swift */ = {isa = PBXFileReference; lastKnownFileType = sourcecode.swift; path = HabitItem.swift; sourceTree = "<group>"; };
		AF80DBDD287EAC63008AF38C /* HabitData.swift */ = {isa = PBXFileReference; lastKnownFileType = sourcecode.swift; path = HabitData.swift; sourceTree = "<group>"; };
		AF80DBDF287EB399008AF38C /* AddView.swift */ = {isa = PBXFileReference; lastKnownFileType = sourcecode.swift; path = AddView.swift; sourceTree = "<group>"; };
/* End PBXFileReference section */

/* Begin PBXFrameworksBuildPhase section */
		AF80DBC7287EAA66008AF38C /* Frameworks */ = {
			isa = PBXFrameworksBuildPhase;
			buildActionMask = 2147483647;
			files = (
			);
			runOnlyForDeploymentPostprocessing = 0;
		};
/* End PBXFrameworksBuildPhase section */

/* Begin PBXGroup section */
		AF80DBC1287EAA66008AF38C = {
			isa = PBXGroup;
			children = (
				AF80DBCC287EAA66008AF38C /* HabitDiarySwiftUI */,
				AF80DBCB287EAA66008AF38C /* Products */,
			);
			sourceTree = "<group>";
		};
		AF80DBCB287EAA66008AF38C /* Products */ = {
			isa = PBXGroup;
			children = (
				AF80DBCA287EAA66008AF38C /* HabitDiarySwiftUI.app */,
			);
			name = Products;
			sourceTree = "<group>";
		};
		AF80DBCC287EAA66008AF38C /* HabitDiarySwiftUI */ = {
			isa = PBXGroup;
			children = (
				AF80DBCD287EAA66008AF38C /* HabitDiarySwiftUIApp.swift */,
				AF80DBCF287EAA66008AF38C /* ContentView.swift */,
				AF80DBDF287EB399008AF38C /* AddView.swift */,
				AF80DBDB287EAB12008AF38C /* HabitItem.swift */,
				AF80DBDD287EAC63008AF38C /* HabitData.swift */,
				AF80DBD1287EAA68008AF38C /* Assets.xcassets */,
				AF80DBD3287EAA68008AF38C /* Preview Content */,
			);
			path = HabitDiarySwiftUI;
			sourceTree = "<group>";
		};
		AF80DBD3287EAA68008AF38C /* Preview Content */ = {
			isa = PBXGroup;
			children = (
				AF80DBD4287EAA68008AF38C /* Preview Assets.xcassets */,
			);
			path = "Preview Content";
			sourceTree = "<group>";
		};
/* End PBXGroup section */

/* Begin PBXNativeTarget section */
		AF80DBC9287EAA66008AF38C /* HabitDiarySwiftUI */ = {
			isa = PBXNativeTarget;
			buildConfigurationList = AF80DBD8287EAA68008AF38C /* Build configuration list for PBXNativeTarget "HabitDiarySwiftUI" */;
			buildPhases = (
				AF80DBC6287EAA66008AF38C /* Sources */,
				AF80DBC7287EAA66008AF38C /* Frameworks */,
				AF80DBC8287EAA66008AF38C /* Resources */,
			);
			buildRules = (
			);
			dependencies = (
			);
			name = HabitDiarySwiftUI;
			productName = HabitDiarySwiftUI;
			productReference = AF80DBCA287EAA66008AF38C /* HabitDiarySwiftUI.app */;
			productType = "com.apple.product-type.application";
		};
/* End PBXNativeTarget section */

/* Begin PBXProject section */
		AF80DBC2287EAA66008AF38C /* Project object */ = {
			isa = PBXProject;
			attributes = {
				BuildIndependentTargetsInParallel = 1;
				LastSwiftUpdateCheck = 1400;
				LastUpgradeCheck = 1400;
				TargetAttributes = {
					AF80DBC9287EAA66008AF38C = {
						CreatedOnToolsVersion = 14.0;
					};
				};
			};
			buildConfigurationList = AF80DBC5287EAA66008AF38C /* Build configuration list for PBXProject "HabitDiarySwiftUI" */;
			compatibilityVersion = "Xcode 14.0";
			developmentRegion = en;
			hasScannedForEncodings = 0;
			knownRegions = (
				en,
				Base,
			);
			mainGroup = AF80DBC1287EAA66008AF38C;
			productRefGroup = AF80DBCB287EAA66008AF38C /* Products */;
			projectDirPath = "";
			projectRoot = "";
			targets = (
				AF80DBC9287EAA66008AF38C /* HabitDiarySwiftUI */,
			);
		};
/* End PBXProject section */

/* Begin PBXResourcesBuildPhase section */
		AF80DBC8287EAA66008AF38C /* Resources */ = {
			isa = PBXResourcesBuildPhase;
			buildActionMask = 2147483647;
			files = (
				AF80DBD5287EAA68008AF38C /* Preview Assets.xcassets in Resources */,
				AF80DBD2287EAA68008AF38C /* Assets.xcassets in Resources */,
			);
			runOnlyForDeploymentPostprocessing = 0;
		};
/* End PBXResourcesBuildPhase section */

/* Begin PBXSourcesBuildPhase section */
		AF80DBC6287EAA66008AF38C /* Sources */ = {
			isa = PBXSourcesBuildPhase;
			buildActionMask = 2147483647;
			files = (
				AF80DBD0287EAA66008AF38C /* ContentView.swift in Sources */,
				AF80DBDC287EAB12008AF38C /* HabitItem.swift in Sources */,
				AF80DBE0287EB399008AF38C /* AddView.swift in Sources */,
				AF80DBDE287EAC63008AF38C /* HabitData.swift in Sources */,
				AF80DBCE287EAA66008AF38C /* HabitDiarySwiftUIApp.swift in Sources */,
			);
			runOnlyForDeploymentPostprocessing = 0;
		};
/* End PBXSourcesBuildPhase section */

/* Begin XCBuildConfiguration section */
		AF80DBD6287EAA68008AF38C /* Debug */ = {
			isa = XCBuildConfiguration;
			buildSettings = {
				ALWAYS_SEARCH_USER_PATHS = NO;
				CLANG_ANALYZER_NONNULL = YES;
				CLANG_ANALYZER_NUMBER_OBJECT_CONVERSION = YES_AGGRESSIVE;
				CLANG_CXX_LANGUAGE_STANDARD = "gnu++20";
				CLANG_ENABLE_MODULES = YES;
				CLANG_ENABLE_OBJC_ARC = YES;
				CLANG_ENABLE_OBJC_WEAK = YES;
				CLANG_WARN_BLOCK_CAPTURE_AUTORELEASING = YES;
				CLANG_WARN_BOOL_CONVERSION = YES;
				CLANG_WARN_COMMA = YES;
				CLANG_WARN_CONSTANT_CONVERSION = YES;
				CLANG_WARN_DEPRECATED_OBJC_IMPLEMENTATIONS = YES;
				CLANG_WARN_DIRECT_OBJC_ISA_USAGE = YES_ERROR;
				CLANG_WARN_DOCUMENTATION_COMMENTS = YES;
				CLANG_WARN_EMPTY_BODY = YES;
				CLANG_WARN_ENUM_CONVERSION = YES;
				CLANG_WARN_INFINITE_RECURSION = YES;
				CLANG_WARN_INT_CONVERSION = YES;
				CLANG_WARN_NON_LITERAL_NULL_CONVERSION = YES;
				CLANG_WARN_OBJC_IMPLICIT_RETAIN_SELF = YES;
				CLANG_WARN_OBJC_LITERAL_CONVERSION = YES;
				CLANG_WARN_OBJC_ROOT_CLASS = YES_ERROR;
				CLANG_WARN_QUOTED_INCLUDE_IN_FRAMEWORK_HEADER = YES;
				CLANG_WARN_RANGE_LOOP_ANALYSIS = YES;
				CLANG_WARN_STRICT_PROTOTYPES = YES;
				CLANG_WARN_SUSPICIOUS_MOVE = YES;
				CLANG_WARN_UNGUARDED_AVAILABILITY = YES_AGGRESSIVE;
				CLANG_WARN_UNREACHABLE_CODE = YES;
				CLANG_WARN__DUPLICATE_METHOD_MATCH = YES;
				COPY_PHASE_STRIP = NO;
				DEBUG_INFORMATION_FORMAT = dwarf;
				ENABLE_STRICT_OBJC_MSGSEND = YES;
				ENABLE_TESTABILITY = YES;
				GCC_C_LANGUAGE_STANDARD = gnu11;
				GCC_DYNAMIC_NO_PIC = NO;
				GCC_NO_COMMON_BLOCKS = YES;
				GCC_OPTIMIZATION_LEVEL = 0;
				GCC_PREPROCESSOR_DEFINITIONS = (
					"DEBUG=1",
					"$(inherited)",
				);
				GCC_WARN_64_TO_32_BIT_CONVERSION = YES;
				GCC_WARN_ABOUT_RETURN_TYPE = YES_ERROR;
				GCC_WARN_UNDECLARED_SELECTOR = YES;
				GCC_WARN_UNINITIALIZED_AUTOS = YES_AGGRESSIVE;
				GCC_WARN_UNUSED_FUNCTION = YES;
				GCC_WARN_UNUSED_VARIABLE = YES;
				IPHONEOS_DEPLOYMENT_TARGET = 15.0;
				MTL_ENABLE_DEBUG_INFO = INCLUDE_SOURCE;
				MTL_FAST_MATH = YES;
				ONLY_ACTIVE_ARCH = YES;
				SDKROOT = iphoneos;
				SWIFT_ACTIVE_COMPILATION_CONDITIONS = DEBUG;
				SWIFT_OPTIMIZATION_LEVEL = "-Onone";
			};
			name = Debug;
		};
		AF80DBD7287EAA68008AF38C /* Release */ = {
			isa = XCBuildConfiguration;
			buildSettings = {
				ALWAYS_SEARCH_USER_PATHS = NO;
				CLANG_ANALYZER_NONNULL = YES;
				CLANG_ANALYZER_NUMBER_OBJECT_CONVERSION = YES_AGGRESSIVE;
				CLANG_CXX_LANGUAGE_STANDARD = "gnu++20";
				CLANG_ENABLE_MODULES = YES;
				CLANG_ENABLE_OBJC_ARC = YES;
				CLANG_ENABLE_OBJC_WEAK = YES;
				CLANG_WARN_BLOCK_CAPTURE_AUTORELEASING = YES;
				CLANG_WARN_BOOL_CONVERSION = YES;
				CLANG_WARN_COMMA = YES;
				CLANG_WARN_CONSTANT_CONVERSION = YES;
				CLANG_WARN_DEPRECATED_OBJC_IMPLEMENTATIONS = YES;
				CLANG_WARN_DIRECT_OBJC_ISA_USAGE = YES_ERROR;
				CLANG_WARN_DOCUMENTATION_COMMENTS = YES;
				CLANG_WARN_EMPTY_BODY = YES;
				CLANG_WARN_ENUM_CONVERSION = YES;
				CLANG_WARN_INFINITE_RECURSION = YES;
				CLANG_WARN_INT_CONVERSION = YES;
				CLANG_WARN_NON_LITERAL_NULL_CONVERSION = YES;
				CLANG_WARN_OBJC_IMPLICIT_RETAIN_SELF = YES;
				CLANG_WARN_OBJC_LITERAL_CONVERSION = YES;
				CLANG_WARN_OBJC_ROOT_CLASS = YES_ERROR;
				CLANG_WARN_QUOTED_INCLUDE_IN_FRAMEWORK_HEADER = YES;
				CLANG_WARN_RANGE_LOOP_ANALYSIS = YES;
				CLANG_WARN_STRICT_PROTOTYPES = YES;
				CLANG_WARN_SUSPICIOUS_MOVE = YES;
				CLANG_WARN_UNGUARDED_AVAILABILITY = YES_AGGRESSIVE;
				CLANG_WARN_UNREACHABLE_CODE = YES;
				CLANG_WARN__DUPLICATE_METHOD_MATCH = YES;
				COPY_PHASE_STRIP = NO;
				DEBUG_INFORMATION_FORMAT = "dwarf-with-dsym";
				ENABLE_NS_ASSERTIONS = NO;
				ENABLE_STRICT_OBJC_MSGSEND = YES;
				GCC_C_LANGUAGE_STANDARD = gnu11;
				GCC_NO_COMMON_BLOCKS = YES;
				GCC_WARN_64_TO_32_BIT_CONVERSION = YES;
				GCC_WARN_ABOUT_RETURN_TYPE = YES_ERROR;
				GCC_WARN_UNDECLARED_SELECTOR = YES;
				GCC_WARN_UNINITIALIZED_AUTOS = YES_AGGRESSIVE;
				GCC_WARN_UNUSED_FUNCTION = YES;
				GCC_WARN_UNUSED_VARIABLE = YES;
				IPHONEOS_DEPLOYMENT_TARGET = 15.0;
				MTL_ENABLE_DEBUG_INFO = NO;
				MTL_FAST_MATH = YES;
				SDKROOT = iphoneos;
				SWIFT_COMPILATION_MODE = wholemodule;
				SWIFT_OPTIMIZATION_LEVEL = "-O";
				VALIDATE_PRODUCT = YES;
			};
			name = Release;
		};
		AF80DBD9287EAA68008AF38C /* Debug */ = {
			isa = XCBuildConfiguration;
			buildSettings = {
				ASSETCATALOG_COMPILER_APPICON_NAME = AppIcon;
				ASSETCATALOG_COMPILER_GLOBAL_ACCENT_COLOR_NAME = AccentColor;
				CODE_SIGN_STYLE = Automatic;
				CURRENT_PROJECT_VERSION = 1;
				DEVELOPMENT_ASSET_PATHS = "\"HabitDiarySwiftUI/Preview Content\"";
				ENABLE_PREVIEWS = YES;
				GENERATE_INFOPLIST_FILE = YES;
				INFOPLIST_KEY_UIApplicationSceneManifest_Generation = YES;
				INFOPLIST_KEY_UIApplicationSupportsIndirectInputEvents = YES;
				INFOPLIST_KEY_UILaunchScreen_Generation = YES;
				INFOPLIST_KEY_UISupportedInterfaceOrientations_iPad = "UIInterfaceOrientationPortrait UIInterfaceOrientationPortraitUpsideDown UIInterfaceOrientationLandscapeLeft UIInterfaceOrientationLandscapeRight";
				INFOPLIST_KEY_UISupportedInterfaceOrientations_iPhone = "UIInterfaceOrientationPortrait UIInterfaceOrientationLandscapeLeft UIInterfaceOrientationLandscapeRight";
				LD_RUNPATH_SEARCH_PATHS = (
					"$(inherited)",
					"@executable_path/Frameworks",
				);
				MARKETING_VERSION = 1.0;
				PRODUCT_BUNDLE_IDENTIFIER = appsaf2k.HabitDiarySwiftUI;
				PRODUCT_NAME = "$(TARGET_NAME)";
				SWIFT_EMIT_LOC_STRINGS = YES;
				SWIFT_VERSION = 5.0;
				TARGETED_DEVICE_FAMILY = "1,2";
			};
			name = Debug;
		};
		AF80DBDA287EAA68008AF38C /* Release */ = {
			isa = XCBuildConfiguration;
			buildSettings = {
				ASSETCATALOG_COMPILER_APPICON_NAME = AppIcon;
				ASSETCATALOG_COMPILER_GLOBAL_ACCENT_COLOR_NAME = AccentColor;
				CODE_SIGN_STYLE = Automatic;
				CURRENT_PROJECT_VERSION = 1;
				DEVELOPMENT_ASSET_PATHS = "\"HabitDiarySwiftUI/Preview Content\"";
				ENABLE_PREVIEWS = YES;
				GENERATE_INFOPLIST_FILE = YES;
				INFOPLIST_KEY_UIApplicationSceneManifest_Generation = YES;
				INFOPLIST_KEY_UIApplicationSupportsIndirectInputEvents = YES;
				INFOPLIST_KEY_UILaunchScreen_Generation = YES;
				INFOPLIST_KEY_UISupportedInterfaceOrientations_iPad = "UIInterfaceOrientationPortrait UIInterfaceOrientationPortraitUpsideDown UIInterfaceOrientationLandscapeLeft UIInterfaceOrientationLandscapeRight";
				INFOPLIST_KEY_UISupportedInterfaceOrientations_iPhone = "UIInterfaceOrientationPortrait UIInterfaceOrientationLandscapeLeft UIInterfaceOrientationLandscapeRight";
				LD_RUNPATH_SEARCH_PATHS = (
					"$(inherited)",
					"@executable_path/Frameworks",
				);
				MARKETING_VERSION = 1.0;
				PRODUCT_BUNDLE_IDENTIFIER = appsaf2k.HabitDiarySwiftUI;
				PRODUCT_NAME = "$(TARGET_NAME)";
				SWIFT_EMIT_LOC_STRINGS = YES;
				SWIFT_VERSION = 5.0;
				TARGETED_DEVICE_FAMILY = "1,2";
			};
			name = Release;
		};
/* End XCBuildConfiguration section */

/* Begin XCConfigurationList section */
		AF80DBC5287EAA66008AF38C /* Build configuration list for PBXProject "HabitDiarySwiftUI" */ = {
			isa = XCConfigurationList;
			buildConfigurations = (
				AF80DBD6287EAA68008AF38C /* Debug */,
				AF80DBD7287EAA68008AF38C /* Release */,
			);
			defaultConfigurationIsVisible = 0;
			defaultConfigurationName = Release;
		};
		AF80DBD8287EAA68008AF38C /* Build configuration list for PBXNativeTarget "HabitDiarySwiftUI" */ = {
			isa = XCConfigurationList;
			buildConfigurations = (
				AF80DBD9287EAA68008AF38C /* Debug */,
				AF80DBDA287EAA68008AF38C /* Release */,
			);
			defaultConfigurationIsVisible = 0;
			defaultConfigurationName = Release;
		};
/* End XCConfigurationList section */
	};
	rootObject = AF80DBC2287EAA66008AF38C /* Project object */;
}
